// !$*UTF8*$!
{
	archiveVersion = 1;
	classes = {
	};
	objectVersion = 50;
	objects = {

/* Begin PBXBuildFile section */
		6709C28423959F7800FEDE41 /* UnusMundus.framework in Frameworks */ = {isa = PBXBuildFile; fileRef = 6709C27A23959F7800FEDE41 /* UnusMundus.framework */; };
		6709C28923959F7800FEDE41 /* UnusMundusTests.swift in Sources */ = {isa = PBXBuildFile; fileRef = 6709C28823959F7800FEDE41 /* UnusMundusTests.swift */; };
		6709C28B23959F7800FEDE41 /* UnusMundus.h in Headers */ = {isa = PBXBuildFile; fileRef = 6709C27D23959F7800FEDE41 /* UnusMundus.h */; settings = {ATTRIBUTES = (Public, ); }; };
/* End PBXBuildFile section */

/* Begin PBXContainerItemProxy section */
		6709C28523959F7800FEDE41 /* PBXContainerItemProxy */ = {
			isa = PBXContainerItemProxy;
			containerPortal = 6709C27123959F7800FEDE41 /* Project object */;
			proxyType = 1;
			remoteGlobalIDString = 6709C27923959F7800FEDE41;
			remoteInfo = UnusMundus;
		};
/* End PBXContainerItemProxy section */

/* Begin PBXFileReference section */
		6709C27A23959F7800FEDE41 /* UnusMundus.framework */ = {isa = PBXFileReference; explicitFileType = wrapper.framework; includeInIndex = 0; path = UnusMundus.framework; sourceTree = BUILT_PRODUCTS_DIR; };
		6709C27D23959F7800FEDE41 /* UnusMundus.h */ = {isa = PBXFileReference; lastKnownFileType = sourcecode.c.h; path = UnusMundus.h; sourceTree = "<group>"; };
		6709C27E23959F7800FEDE41 /* Info.plist */ = {isa = PBXFileReference; lastKnownFileType = text.plist.xml; path = Info.plist; sourceTree = "<group>"; };
		6709C28323959F7800FEDE41 /* UnusMundusTests.xctest */ = {isa = PBXFileReference; explicitFileType = wrapper.cfbundle; includeInIndex = 0; path = UnusMundusTests.xctest; sourceTree = BUILT_PRODUCTS_DIR; };
		6709C28823959F7800FEDE41 /* UnusMundusTests.swift */ = {isa = PBXFileReference; lastKnownFileType = sourcecode.swift; path = UnusMundusTests.swift; sourceTree = "<group>"; };
		6709C28A23959F7800FEDE41 /* Info.plist */ = {isa = PBXFileReference; lastKnownFileType = text.plist.xml; path = Info.plist; sourceTree = "<group>"; };
/* End PBXFileReference section */

/* Begin PBXFrameworksBuildPhase section */
		6709C27723959F7800FEDE41 /* Frameworks */ = {
			isa = PBXFrameworksBuildPhase;
			buildActionMask = 2147483647;
			files = (
			);
			runOnlyForDeploymentPostprocessing = 0;
		};
		6709C28023959F7800FEDE41 /* Frameworks */ = {
			isa = PBXFrameworksBuildPhase;
			buildActionMask = 2147483647;
			files = (
				6709C28423959F7800FEDE41 /* UnusMundus.framework in Frameworks */,
			);
			runOnlyForDeploymentPostprocessing = 0;
		};
/* End PBXFrameworksBuildPhase section */

/* Begin PBXGroup section */
		6709C27023959F7800FEDE41 = {
			isa = PBXGroup;
			children = (
				6709C27C23959F7800FEDE41 /* UnusMundus */,
				6709C28723959F7800FEDE41 /* UnusMundusTests */,
				6709C27B23959F7800FEDE41 /* Products */,
			);
			sourceTree = "<group>";
		};
		6709C27B23959F7800FEDE41 /* Products */ = {
			isa = PBXGroup;
			children = (
				6709C27A23959F7800FEDE41 /* UnusMundus.framework */,
				6709C28323959F7800FEDE41 /* UnusMundusTests.xctest */,
			);
			name = Products;
			sourceTree = "<group>";
		};
		6709C27C23959F7800FEDE41 /* UnusMundus */ = {
			isa = PBXGroup;
			children = (
				6709C27D23959F7800FEDE41 /* UnusMundus.h */,
				6709C27E23959F7800FEDE41 /* Info.plist */,
			);
			path = UnusMundus;
			sourceTree = "<group>";
		};
		6709C28723959F7800FEDE41 /* UnusMundusTests */ = {
			isa = PBXGroup;
			children = (
				6709C28823959F7800FEDE41 /* UnusMundusTests.swift */,
				6709C28A23959F7800FEDE41 /* Info.plist */,
			);
			path = UnusMundusTests;
			sourceTree = "<group>";
		};
/* End PBXGroup section */

/* Begin PBXHeadersBuildPhase section */
		6709C27523959F7800FEDE41 /* Headers */ = {
			isa = PBXHeadersBuildPhase;
			buildActionMask = 2147483647;
			files = (
				6709C28B23959F7800FEDE41 /* UnusMundus.h in Headers */,
			);
			runOnlyForDeploymentPostprocessing = 0;
		};
/* End PBXHeadersBuildPhase section */

/* Begin PBXNativeTarget section */
		6709C27923959F7800FEDE41 /* UnusMundus */ = {
			isa = PBXNativeTarget;
			buildConfigurationList = 6709C28E23959F7800FEDE41 /* Build configuration list for PBXNativeTarget "UnusMundus" */;
			buildPhases = (
				6709C27523959F7800FEDE41 /* Headers */,
				6709C27623959F7800FEDE41 /* Sources */,
				6709C27723959F7800FEDE41 /* Frameworks */,
				6709C27823959F7800FEDE41 /* Resources */,
			);
			buildRules = (
			);
			dependencies = (
			);
			name = UnusMundus;
			productName = UnusMundus;
			productReference = 6709C27A23959F7800FEDE41 /* UnusMundus.framework */;
			productType = "com.apple.product-type.framework";
		};
		6709C28223959F7800FEDE41 /* UnusMundusTests */ = {
			isa = PBXNativeTarget;
			buildConfigurationList = 6709C29123959F7800FEDE41 /* Build configuration list for PBXNativeTarget "UnusMundusTests" */;
			buildPhases = (
				6709C27F23959F7800FEDE41 /* Sources */,
				6709C28023959F7800FEDE41 /* Frameworks */,
				6709C28123959F7800FEDE41 /* Resources */,
			);
			buildRules = (
			);
			dependencies = (
				6709C28623959F7800FEDE41 /* PBXTargetDependency */,
			);
			name = UnusMundusTests;
			productName = UnusMundusTests;
			productReference = 6709C28323959F7800FEDE41 /* UnusMundusTests.xctest */;
			productType = "com.apple.product-type.bundle.unit-test";
		};
/* End PBXNativeTarget section */

/* Begin PBXProject section */
		6709C27123959F7800FEDE41 /* Project object */ = {
			isa = PBXProject;
			attributes = {
				LastSwiftUpdateCheck = 1120;
				LastUpgradeCheck = 1120;
				ORGANIZATIONNAME = "Christopher Olsen";
				TargetAttributes = {
					6709C27923959F7800FEDE41 = {
						CreatedOnToolsVersion = 11.2.1;
					};
					6709C28223959F7800FEDE41 = {
						CreatedOnToolsVersion = 11.2.1;
					};
				};
			};
			buildConfigurationList = 6709C27423959F7800FEDE41 /* Build configuration list for PBXProject "UnusMundus" */;
			compatibilityVersion = "Xcode 9.3";
			developmentRegion = en;
			hasScannedForEncodings = 0;
			knownRegions = (
				en,
				Base,
			);
			mainGroup = 6709C27023959F7800FEDE41;
			productRefGroup = 6709C27B23959F7800FEDE41 /* Products */;
			projectDirPath = "";
			projectRoot = "";
			targets = (
				6709C27923959F7800FEDE41 /* UnusMundus */,
				6709C28223959F7800FEDE41 /* UnusMundusTests */,
			);
		};
/* End PBXProject section */

/* Begin PBXResourcesBuildPhase section */
		6709C27823959F7800FEDE41 /* Resources */ = {
			isa = PBXResourcesBuildPhase;
			buildActionMask = 2147483647;
			files = (
			);
			runOnlyForDeploymentPostprocessing = 0;
		};
		6709C28123959F7800FEDE41 /* Resources */ = {
			isa = PBXResourcesBuildPhase;
			buildActionMask = 2147483647;
			files = (
			);
			runOnlyForDeploymentPostprocessing = 0;
		};
/* End PBXResourcesBuildPhase section */

/* Begin PBXSourcesBuildPhase section */
		6709C27623959F7800FEDE41 /* Sources */ = {
			isa = PBXSourcesBuildPhase;
			buildActionMask = 2147483647;
			files = (
			);
			runOnlyForDeploymentPostprocessing = 0;
		};
		6709C27F23959F7800FEDE41 /* Sources */ = {
			isa = PBXSourcesBuildPhase;
			buildActionMask = 2147483647;
			files = (
				6709C28923959F7800FEDE41 /* UnusMundusTests.swift in Sources */,
			);
			runOnlyForDeploymentPostprocessing = 0;
		};
/* End PBXSourcesBuildPhase section */

/* Begin PBXTargetDependency section */
		6709C28623959F7800FEDE41 /* PBXTargetDependency */ = {
			isa = PBXTargetDependency;
			target = 6709C27923959F7800FEDE41 /* UnusMundus */;
			targetProxy = 6709C28523959F7800FEDE41 /* PBXContainerItemProxy */;
		};
/* End PBXTargetDependency section */

/* Begin XCBuildConfiguration section */
		6709C28C23959F7800FEDE41 /* Debug */ = {
			isa = XCBuildConfiguration;
			buildSettings = {
				ALWAYS_SEARCH_USER_PATHS = NO;
				CLANG_ANALYZER_NONNULL = YES;
				CLANG_ANALYZER_NUMBER_OBJECT_CONVERSION = YES_AGGRESSIVE;
				CLANG_CXX_LANGUAGE_STANDARD = "gnu++14";
				CLANG_CXX_LIBRARY = "libc++";
				CLANG_ENABLE_MODULES = YES;
				CLANG_ENABLE_OBJC_ARC = YES;
				CLANG_ENABLE_OBJC_WEAK = YES;
				CLANG_WARN_BLOCK_CAPTURE_AUTORELEASING = YES;
				CLANG_WARN_BOOL_CONVERSION = YES;
				CLANG_WARN_COMMA = YES;
				CLANG_WARN_CONSTANT_CONVERSION = YES;
				CLANG_WARN_DEPRECATED_OBJC_IMPLEMENTATIONS = YES;
				CLANG_WARN_DIRECT_OBJC_ISA_USAGE = YES_ERROR;
				CLANG_WARN_DOCUMENTATION_COMMENTS = YES;
				CLANG_WARN_EMPTY_BODY = YES;
				CLANG_WARN_ENUM_CONVERSION = YES;
				CLANG_WARN_INFINITE_RECURSION = YES;
				CLANG_WARN_INT_CONVERSION = YES;
				CLANG_WARN_NON_LITERAL_NULL_CONVERSION = YES;
				CLANG_WARN_OBJC_IMPLICIT_RETAIN_SELF = YES;
				CLANG_WARN_OBJC_LITERAL_CONVERSION = YES;
				CLANG_WARN_OBJC_ROOT_CLASS = YES_ERROR;
				CLANG_WARN_RANGE_LOOP_ANALYSIS = YES;
				CLANG_WARN_STRICT_PROTOTYPES = YES;
				CLANG_WARN_SUSPICIOUS_MOVE = YES;
				CLANG_WARN_UNGUARDED_AVAILABILITY = YES_AGGRESSIVE;
				CLANG_WARN_UNREACHABLE_CODE = YES;
				CLANG_WARN__DUPLICATE_METHOD_MATCH = YES;
				COPY_PHASE_STRIP = NO;
				CURRENT_PROJECT_VERSION = 1;
				DEBUG_INFORMATION_FORMAT = dwarf;
				ENABLE_STRICT_OBJC_MSGSEND = YES;
				ENABLE_TESTABILITY = YES;
				GCC_C_LANGUAGE_STANDARD = gnu11;
				GCC_DYNAMIC_NO_PIC = NO;
				GCC_NO_COMMON_BLOCKS = YES;
				GCC_OPTIMIZATION_LEVEL = 0;
				GCC_PREPROCESSOR_DEFINITIONS = (
					"DEBUG=1",
					"$(inherited)",
				);
				GCC_WARN_64_TO_32_BIT_CONVERSION = YES;
				GCC_WARN_ABOUT_RETURN_TYPE = YES_ERROR;
				GCC_WARN_UNDECLARED_SELECTOR = YES;
				GCC_WARN_UNINITIALIZED_AUTOS = YES_AGGRESSIVE;
				GCC_WARN_UNUSED_FUNCTION = YES;
				GCC_WARN_UNUSED_VARIABLE = YES;
				IPHONEOS_DEPLOYMENT_TARGET = 13.2;
				MTL_ENABLE_DEBUG_INFO = INCLUDE_SOURCE;
				MTL_FAST_MATH = YES;
				ONLY_ACTIVE_ARCH = YES;
				SDKROOT = iphoneos;
				SWIFT_ACTIVE_COMPILATION_CONDITIONS = DEBUG;
				SWIFT_OPTIMIZATION_LEVEL = "-Onone";
				VERSIONING_SYSTEM = "apple-generic";
				VERSION_INFO_PREFIX = "";
			};
			name = Debug;
		};
		6709C28D23959F7800FEDE41 /* Release */ = {
			isa = XCBuildConfiguration;
			buildSettings = {
				ALWAYS_SEARCH_USER_PATHS = NO;
				CLANG_ANALYZER_NONNULL = YES;
				CLANG_ANALYZER_NUMBER_OBJECT_CONVERSION = YES_AGGRESSIVE;
				CLANG_CXX_LANGUAGE_STANDARD = "gnu++14";
				CLANG_CXX_LIBRARY = "libc++";
				CLANG_ENABLE_MODULES = YES;
				CLANG_ENABLE_OBJC_ARC = YES;
				CLANG_ENABLE_OBJC_WEAK = YES;
				CLANG_WARN_BLOCK_CAPTURE_AUTORELEASING = YES;
				CLANG_WARN_BOOL_CONVERSION = YES;
				CLANG_WARN_COMMA = YES;
				CLANG_WARN_CONSTANT_CONVERSION = YES;
				CLANG_WARN_DEPRECATED_OBJC_IMPLEMENTATIONS = YES;
				CLANG_WARN_DIRECT_OBJC_ISA_USAGE = YES_ERROR;
				CLANG_WARN_DOCUMENTATION_COMMENTS = YES;
				CLANG_WARN_EMPTY_BODY = YES;
				CLANG_WARN_ENUM_CONVERSION = YES;
				CLANG_WARN_INFINITE_RECURSION = YES;
				CLANG_WARN_INT_CONVERSION = YES;
				CLANG_WARN_NON_LITERAL_NULL_CONVERSION = YES;
				CLANG_WARN_OBJC_IMPLICIT_RETAIN_SELF = YES;
				CLANG_WARN_OBJC_LITERAL_CONVERSION = YES;
				CLANG_WARN_OBJC_ROOT_CLASS = YES_ERROR;
				CLANG_WARN_RANGE_LOOP_ANALYSIS = YES;
				CLANG_WARN_STRICT_PROTOTYPES = YES;
				CLANG_WARN_SUSPICIOUS_MOVE = YES;
				CLANG_WARN_UNGUARDED_AVAILABILITY = YES_AGGRESSIVE;
				CLANG_WARN_UNREACHABLE_CODE = YES;
				CLANG_WARN__DUPLICATE_METHOD_MATCH = YES;
				COPY_PHASE_STRIP = NO;
				CURRENT_PROJECT_VERSION = 1;
				DEBUG_INFORMATION_FORMAT = "dwarf-with-dsym";
				ENABLE_NS_ASSERTIONS = NO;
				ENABLE_STRICT_OBJC_MSGSEND = YES;
				GCC_C_LANGUAGE_STANDARD = gnu11;
				GCC_NO_COMMON_BLOCKS = YES;
				GCC_WARN_64_TO_32_BIT_CONVERSION = YES;
				GCC_WARN_ABOUT_RETURN_TYPE = YES_ERROR;
				GCC_WARN_UNDECLARED_SELECTOR = YES;
				GCC_WARN_UNINITIALIZED_AUTOS = YES_AGGRESSIVE;
				GCC_WARN_UNUSED_FUNCTION = YES;
				GCC_WARN_UNUSED_VARIABLE = YES;
				IPHONEOS_DEPLOYMENT_TARGET = 13.2;
				MTL_ENABLE_DEBUG_INFO = NO;
				MTL_FAST_MATH = YES;
				SDKROOT = iphoneos;
				SWIFT_COMPILATION_MODE = wholemodule;
				SWIFT_OPTIMIZATION_LEVEL = "-O";
				VALIDATE_PRODUCT = YES;
				VERSIONING_SYSTEM = "apple-generic";
				VERSION_INFO_PREFIX = "";
			};
			name = Release;
		};
		6709C28F23959F7800FEDE41 /* Debug */ = {
			isa = XCBuildConfiguration;
			buildSettings = {
				CODE_SIGN_STYLE = Automatic;
				DEFINES_MODULE = YES;
				DEVELOPMENT_TEAM = GDEYN6H976;
				DYLIB_COMPATIBILITY_VERSION = 1;
				DYLIB_CURRENT_VERSION = 1;
				DYLIB_INSTALL_NAME_BASE = "@rpath";
				INFOPLIST_FILE = UnusMundus/Info.plist;
				INSTALL_PATH = "$(LOCAL_LIBRARY_DIR)/Frameworks";
				LD_RUNPATH_SEARCH_PATHS = (
					"$(inherited)",
					"@executable_path/Frameworks",
					"@loader_path/Frameworks",
				);
				PRODUCT_BUNDLE_IDENTIFIER = com.caolsen.UnusMundus;
				PRODUCT_NAME = "$(TARGET_NAME:c99extidentifier)";
				SKIP_INSTALL = YES;
				SWIFT_VERSION = 5.0;
				TARGETED_DEVICE_FAMILY = "1,2";
			};
			name = Debug;
		};
		6709C29023959F7800FEDE41 /* Release */ = {
			isa = XCBuildConfiguration;
			buildSettings = {
				CODE_SIGN_STYLE = Automatic;
				DEFINES_MODULE = YES;
				DEVELOPMENT_TEAM = GDEYN6H976;
				DYLIB_COMPATIBILITY_VERSION = 1;
				DYLIB_CURRENT_VERSION = 1;
				DYLIB_INSTALL_NAME_BASE = "@rpath";
				INFOPLIST_FILE = UnusMundus/Info.plist;
				INSTALL_PATH = "$(LOCAL_LIBRARY_DIR)/Frameworks";
				LD_RUNPATH_SEARCH_PATHS = (
					"$(inherited)",
					"@executable_path/Frameworks",
					"@loader_path/Frameworks",
				);
				PRODUCT_BUNDLE_IDENTIFIER = com.caolsen.UnusMundus;
				PRODUCT_NAME = "$(TARGET_NAME:c99extidentifier)";
				SKIP_INSTALL = YES;
				SWIFT_VERSION = 5.0;
				TARGETED_DEVICE_FAMILY = "1,2";
			};
			name = Release;
		};
		6709C29223959F7800FEDE41 /* Debug */ = {
			isa = XCBuildConfiguration;
			buildSettings = {
				CODE_SIGN_STYLE = Automatic;
				DEVELOPMENT_TEAM = GDEYN6H976;
				INFOPLIST_FILE = UnusMundusTests/Info.plist;
				LD_RUNPATH_SEARCH_PATHS = (
					"$(inherited)",
					"@executable_path/Frameworks",
					"@loader_path/Frameworks",
				);
				PRODUCT_BUNDLE_IDENTIFIER = com.caolsen.UnusMundusTests;
				PRODUCT_NAME = "$(TARGET_NAME)";
				SWIFT_VERSION = 5.0;
				TARGETED_DEVICE_FAMILY = "1,2";
			};
			name = Debug;
		};
		6709C29323959F7800FEDE41 /* Release */ = {
			isa = XCBuildConfiguration;
			buildSettings = {
				CODE_SIGN_STYLE = Automatic;
				DEVELOPMENT_TEAM = GDEYN6H976;
				INFOPLIST_FILE = UnusMundusTests/Info.plist;
				LD_RUNPATH_SEARCH_PATHS = (
					"$(inherited)",
					"@executable_path/Frameworks",
					"@loader_path/Frameworks",
				);
				PRODUCT_BUNDLE_IDENTIFIER = com.caolsen.UnusMundusTests;
				PRODUCT_NAME = "$(TARGET_NAME)";
				SWIFT_VERSION = 5.0;
				TARGETED_DEVICE_FAMILY = "1,2";
			};
			name = Release;
		};
/* End XCBuildConfiguration section */

/* Begin XCConfigurationList section */
		6709C27423959F7800FEDE41 /* Build configuration list for PBXProject "UnusMundus" */ = {
			isa = XCConfigurationList;
			buildConfigurations = (
				6709C28C23959F7800FEDE41 /* Debug */,
				6709C28D23959F7800FEDE41 /* Release */,
			);
			defaultConfigurationIsVisible = 0;
			defaultConfigurationName = Release;
		};
		6709C28E23959F7800FEDE41 /* Build configuration list for PBXNativeTarget "UnusMundus" */ = {
			isa = XCConfigurationList;
			buildConfigurations = (
				6709C28F23959F7800FEDE41 /* Debug */,
				6709C29023959F7800FEDE41 /* Release */,
			);
			defaultConfigurationIsVisible = 0;
			defaultConfigurationName = Release;
		};
		6709C29123959F7800FEDE41 /* Build configuration list for PBXNativeTarget "UnusMundusTests" */ = {
			isa = XCConfigurationList;
			buildConfigurations = (
				6709C29223959F7800FEDE41 /* Debug */,
				6709C29323959F7800FEDE41 /* Release */,
			);
			defaultConfigurationIsVisible = 0;
			defaultConfigurationName = Release;
		};
/* End XCConfigurationList section */
	};
	rootObject = 6709C27123959F7800FEDE41 /* Project object */;
}
